// !$*UTF8*$!
{
	archiveVersion = 1;
	classes = {
	};
	objectVersion = 56;
	objects = {

/* Begin PBXBuildFile section */
		280567E62FB74F36003CD1A9 /* DesignSystem.swift in Sources */ = {isa = PBXBuildFile; fileRef = 280567E52FB74F36003CD1A9 /* DesignSystem.swift */; };
		284135063003CEEC00D0CCBB /* LebensbereichModel.swift in Sources */ = {isa = PBXBuildFile; fileRef = 284135053003CEEC00D0CCBB /* LebensbereichModel.swift */; };
		284135083003CF0100D0CCBB /* LebensbereichEditor.swift in Sources */ = {isa = PBXBuildFile; fileRef = 284135073003CF0100D0CCBB /* LebensbereichEditor.swift */; };
		2841350A3003CF0600D0CCBB /* LebensbereicheView 2.swift in Sources */ = {isa = PBXBuildFile; fileRef = 284135093003CF0600D0CCBB /* LebensbereicheView 2.swift */; };
		2893EE632F6C586D004BDECD /* VorhabenEditor.swift in Sources */ = {isa = PBXBuildFile; fileRef = 2893EE622F6C586D004BDECD /* VorhabenEditor.swift */; };
		2893EE672F6C5898004BDECD /* AufgabenListeView.swift in Sources */ = {isa = PBXBuildFile; fileRef = 2893EE662F6C5898004BDECD /* AufgabenListeView.swift */; };
		2893EE772F6C7976004BDECD /* PhasenListeView.swift in Sources */ = {isa = PBXBuildFile; fileRef = 2893EE762F6C7976004BDECD /* PhasenListeView.swift */; };
		2893EE792F6C8632004BDECD /* CompactVorhabenCard.swift in Sources */ = {isa = PBXBuildFile; fileRef = 2893EE782F6C8632004BDECD /* CompactVorhabenCard.swift */; };
		B64791262CB2DE5900F60F9A /* SymbolPickerView.swift in Sources */ = {isa = PBXBuildFile; fileRef = B64791252CB2DE5900F60F9A /* SymbolPickerView.swift */; };
		B6A536272C1815C00033C0D4 /* iLifeDesignApp.swift in Sources */ = {isa = PBXBuildFile; fileRef = B6A536262C1815C00033C0D4 /* iLifeDesignApp.swift */; };
		B6A5362B2C1815C10033C0D4 /* Assets.xcassets in Resources */ = {isa = PBXBuildFile; fileRef = B6A5362A2C1815C10033C0D4 /* Assets.xcassets */; };
		B6A5362E2C1815C10033C0D4 /* Preview Assets.xcassets in Resources */ = {isa = PBXBuildFile; fileRef = B6A5362D2C1815C10033C0D4 /* Preview Assets.xcassets */; };
		B6FBAE932C1F51BE00DB5785 /* VorhabenView.swift in Sources */ = {isa = PBXBuildFile; fileRef = B6FBAE922C1F51BE00DB5785 /* VorhabenView.swift */; };
		B6FBAE952C1F51C800DB5785 /* VorhabenListeView.swift in Sources */ = {isa = PBXBuildFile; fileRef = B6FBAE942C1F51C800DB5785 /* VorhabenListeView.swift */; };
		B6FBAE9D2C1F52C700DB5785 /* AufgabeModel.swift in Sources */ = {isa = PBXBuildFile; fileRef = B6FBAE9C2C1F52C700DB5785 /* AufgabeModel.swift */; };
		B6FBAEA02C1F52EE00DB5785 /* VorhabenModel.swift in Sources */ = {isa = PBXBuildFile; fileRef = B6FBAE9F2C1F52EE00DB5785 /* VorhabenModel.swift */; };
/* End PBXBuildFile section */

/* Begin PBXFileReference section */
		280567E52FB74F36003CD1A9 /* DesignSystem.swift */ = {isa = PBXFileReference; lastKnownFileType = sourcecode.swift; path = DesignSystem.swift; sourceTree = "<group>"; };
		284135053003CEEC00D0CCBB /* LebensbereichModel.swift */ = {isa = PBXFileReference; lastKnownFileType = sourcecode.swift; path = LebensbereichModel.swift; sourceTree = "<group>"; };
		284135073003CF0100D0CCBB /* LebensbereichEditor.swift */ = {isa = PBXFileReference; lastKnownFileType = sourcecode.swift; path = LebensbereichEditor.swift; sourceTree = "<group>"; };
		284135093003CF0600D0CCBB /* LebensbereicheView 2.swift */ = {isa = PBXFileReference; lastKnownFileType = sourcecode.swift; path = "LebensbereicheView 2.swift"; sourceTree = "<group>"; };
		2893EE622F6C586D004BDECD /* VorhabenEditor.swift */ = {isa = PBXFileReference; lastKnownFileType = sourcecode.swift; path = VorhabenEditor.swift; sourceTree = "<group>"; };
		2893EE662F6C5898004BDECD /* AufgabenListeView.swift */ = {isa = PBXFileReference; lastKnownFileType = sourcecode.swift; path = AufgabenListeView.swift; sourceTree = "<group>"; };
		2893EE762F6C7976004BDECD /* PhasenListeView.swift */ = {isa = PBXFileReference; lastKnownFileType = sourcecode.swift; path = PhasenListeView.swift; sourceTree = "<group>"; };
		2893EE782F6C8632004BDECD /* CompactVorhabenCard.swift */ = {isa = PBXFileReference; lastKnownFileType = sourcecode.swift; path = CompactVorhabenCard.swift; sourceTree = "<group>"; };
		B64791252CB2DE5900F60F9A /* SymbolPickerView.swift */ = {isa = PBXFileReference; lastKnownFileType = sourcecode.swift; path = SymbolPickerView.swift; sourceTree = "<group>"; };
		B6481E412C5FDE12008714F7 /* iLifeDesign.entitlements */ = {isa = PBXFileReference; lastKnownFileType = text.plist.entitlements; path = iLifeDesign.entitlements; sourceTree = "<group>"; };
		B6481E422C5FDF13008714F7 /* Info.plist */ = {isa = PBXFileReference; lastKnownFileType = text.plist; path = Info.plist; sourceTree = "<group>"; };
		B6A536232C1815C00033C0D4 /* iLifeDesign.app */ = {isa = PBXFileReference; explicitFileType = wrapper.application; includeInIndex = 0; path = iLifeDesign.app; sourceTree = BUILT_PRODUCTS_DIR; };
		B6A536262C1815C00033C0D4 /* iLifeDesignApp.swift */ = {isa = PBXFileReference; lastKnownFileType = sourcecode.swift; path = iLifeDesignApp.swift; sourceTree = "<group>"; };
		B6A5362A2C1815C10033C0D4 /* Assets.xcassets */ = {isa = PBXFileReference; lastKnownFileType = folder.assetcatalog; path = Assets.xcassets; sourceTree = "<group>"; };
		B6A5362D2C1815C10033C0D4 /* Preview Assets.xcassets */ = {isa = PBXFileReference; lastKnownFileType = folder.assetcatalog; path = "Preview Assets.xcassets"; sourceTree = "<group>"; };
		B6FBAE922C1F51BE00DB5785 /* VorhabenView.swift */ = {isa = PBXFileReference; lastKnownFileType = sourcecode.swift; path = VorhabenView.swift; sourceTree = "<group>"; };
		B6FBAE942C1F51C800DB5785 /* VorhabenListeView.swift */ = {isa = PBXFileReference; lastKnownFileType = sourcecode.swift; path = VorhabenListeView.swift; sourceTree = "<group>"; };
		B6FBAE9C2C1F52C700DB5785 /* AufgabeModel.swift */ = {isa = PBXFileReference; lastKnownFileType = sourcecode.swift; path = AufgabeModel.swift; sourceTree = "<group>"; };
		B6FBAE9F2C1F52EE00DB5785 /* VorhabenModel.swift */ = {isa = PBXFileReference; lastKnownFileType = sourcecode.swift; path = VorhabenModel.swift; sourceTree = "<group>"; };
/* End PBXFileReference section */

/* Begin PBXFrameworksBuildPhase section */
		B6A536202C1815C00033C0D4 /* Frameworks */ = {
			isa = PBXFrameworksBuildPhase;
			buildActionMask = 2147483647;
			files = (
			);
			runOnlyForDeploymentPostprocessing = 0;
		};
/* End PBXFrameworksBuildPhase section */

/* Begin PBXGroup section */
		B6A5361A2C1815C00033C0D4 = {
			isa = PBXGroup;
			children = (
				B6A536252C1815C00033C0D4 /* iLifeDesign */,
				B6A536242C1815C00033C0D4 /* Products */,
			);
			sourceTree = "<group>";
		};
		B6A536242C1815C00033C0D4 /* Products */ = {
			isa = PBXGroup;
			children = (
				B6A536232C1815C00033C0D4 /* iLifeDesign.app */,
			);
			name = Products;
			sourceTree = "<group>";
		};
		B6A536252C1815C00033C0D4 /* iLifeDesign */ = {
			isa = PBXGroup;
			children = (
				B6481E422C5FDF13008714F7 /* Info.plist */,
				B6481E412C5FDE12008714F7 /* iLifeDesign.entitlements */,
				B6FBAEA12C1F530F00DB5785 /* Views */,
				B6FBAE9E2C1F52CE00DB5785 /* Models */,
				B6A536262C1815C00033C0D4 /* iLifeDesignApp.swift */,
				B6A5362A2C1815C10033C0D4 /* Assets.xcassets */,
				B6A5362C2C1815C10033C0D4 /* Preview Content */,
			);
			path = iLifeDesign;
			sourceTree = "<group>";
		};
		B6A5362C2C1815C10033C0D4 /* Preview Content */ = {
			isa = PBXGroup;
			children = (
				B6A5362D2C1815C10033C0D4 /* Preview Assets.xcassets */,
			);
			path = "Preview Content";
			sourceTree = "<group>";
		};
		B6FBAE9E2C1F52CE00DB5785 /* Models */ = {
			isa = PBXGroup;
			children = (
				B6FBAE9C2C1F52C700DB5785 /* AufgabeModel.swift */,
				B6FBAE9F2C1F52EE00DB5785 /* VorhabenModel.swift */,
				284135053003CEEC00D0CCBB /* LebensbereichModel.swift */,
			);
			path = Models;
			sourceTree = "<group>";
		};
		B6FBAEA12C1F530F00DB5785 /* Views */ = {
			isa = PBXGroup;
			children = (
				280567E52FB74F36003CD1A9 /* DesignSystem.swift */,
				2893EE662F6C5898004BDECD /* AufgabenListeView.swift */,
				2893EE782F6C8632004BDECD /* CompactVorhabenCard.swift */,
				284135093003CF0600D0CCBB /* LebensbereicheView 2.swift */,
				284135073003CF0100D0CCBB /* LebensbereichEditor.swift */,
				2893EE762F6C7976004BDECD /* PhasenListeView.swift */,
				B64791252CB2DE5900F60F9A /* SymbolPickerView.swift */,
				B6FBAE942C1F51C800DB5785 /* VorhabenListeView.swift */,
				2893EE622F6C586D004BDECD /* VorhabenEditor.swift */,
				B6FBAE922C1F51BE00DB5785 /* VorhabenView.swift */,
			);
			path = Views;
			sourceTree = "<group>";
		};
/* End PBXGroup section */

/* Begin PBXNativeTarget section */
		B6A536222C1815C00033C0D4 /* iLifeDesign */ = {
			isa = PBXNativeTarget;
			buildConfigurationList = B6A536312C1815C10033C0D4 /* Build configuration list for PBXNativeTarget "iLifeDesign" */;
			buildPhases = (
				B6A5361F2C1815C00033C0D4 /* Sources */,
				B6A536202C1815C00033C0D4 /* Frameworks */,
				B6A536212C1815C00033C0D4 /* Resources */,
			);
			buildRules = (
			);
			dependencies = (
			);
			name = iLifeDesign;
			productName = iLifeDesign;
			productReference = B6A536232C1815C00033C0D4 /* iLifeDesign.app */;
			productType = "com.apple.product-type.application";
		};
/* End PBXNativeTarget section */

/* Begin PBXProject section */
		B6A5361B2C1815C00033C0D4 /* Project object */ = {
			isa = PBXProject;
			attributes = {
				BuildIndependentTargetsInParallel = 1;
				LastSwiftUpdateCheck = 1540;
				LastUpgradeCheck = 2600;
				TargetAttributes = {
					B6A536222C1815C00033C0D4 = {
						CreatedOnToolsVersion = 15.4;
					};
				};
			};
			buildConfigurationList = B6A5361E2C1815C00033C0D4 /* Build configuration list for PBXProject "iLifeDesign" */;
			compatibilityVersion = "Xcode 14.0";
			developmentRegion = en;
			hasScannedForEncodings = 0;
			knownRegions = (
				en,
				Base,
			);
			mainGroup = B6A5361A2C1815C00033C0D4;
			productRefGroup = B6A536242C1815C00033C0D4 /* Products */;
			projectDirPath = "";
			projectRoot = "";
			targets = (
				B6A536222C1815C00033C0D4 /* iLifeDesign */,
			);
		};
/* End PBXProject section */

/* Begin PBXResourcesBuildPhase section */
		B6A536212C1815C00033C0D4 /* Resources */ = {
			isa = PBXResourcesBuildPhase;
			buildActionMask = 2147483647;
			files = (
				B6A5362E2C1815C10033C0D4 /* Preview Assets.xcassets in Resources */,
				B6A5362B2C1815C10033C0D4 /* Assets.xcassets in Resources */,
			);
			runOnlyForDeploymentPostprocessing = 0;
		};
/* End PBXResourcesBuildPhase section */

/* Begin PBXSourcesBuildPhase section */
		B6A5361F2C1815C00033C0D4 /* Sources */ = {
			isa = PBXSourcesBuildPhase;
			buildActionMask = 2147483647;
			files = (
				284135063003CEEC00D0CCBB /* LebensbereichModel.swift in Sources */,
				280567E62FB74F36003CD1A9 /* DesignSystem.swift in Sources */,
				B6FBAE9D2C1F52C700DB5785 /* AufgabeModel.swift in Sources */,
				B64791262CB2DE5900F60F9A /* SymbolPickerView.swift in Sources */,
				2841350A3003CF0600D0CCBB /* LebensbereicheView 2.swift in Sources */,
				2893EE632F6C586D004BDECD /* VorhabenEditor.swift in Sources */,
				2893EE672F6C5898004BDECD /* AufgabenListeView.swift in Sources */,
				2893EE792F6C8632004BDECD /* CompactVorhabenCard.swift in Sources */,
				284135083003CF0100D0CCBB /* LebensbereichEditor.swift in Sources */,
				B6FBAE952C1F51C800DB5785 /* VorhabenListeView.swift in Sources */,
				B6FBAEA02C1F52EE00DB5785 /* VorhabenModel.swift in Sources */,
				B6A536272C1815C00033C0D4 /* iLifeDesignApp.swift in Sources */,
				B6FBAE932C1F51BE00DB5785 /* VorhabenView.swift in Sources */,
				2893EE772F6C7976004BDECD /* PhasenListeView.swift in Sources */,
			);
			runOnlyForDeploymentPostprocessing = 0;
		};
/* End PBXSourcesBuildPhase section */

/* Begin XCBuildConfiguration section */
		B6A5362F2C1815C10033C0D4 /* Debug */ = {
			isa = XCBuildConfiguration;
			buildSettings = {
				ALWAYS_SEARCH_USER_PATHS = NO;
				ASSETCATALOG_COMPILER_GENERATE_SWIFT_ASSET_SYMBOL_EXTENSIONS = YES;
				CLANG_ANALYZER_NONNULL = YES;
				CLANG_ANALYZER_NUMBER_OBJECT_CONVERSION = YES_AGGRESSIVE;
				CLANG_CXX_LANGUAGE_STANDARD = "gnu++20";
				CLANG_ENABLE_MODULES = YES;
				CLANG_ENABLE_OBJC_ARC = YES;
				CLANG_ENABLE_OBJC_WEAK = YES;
				CLANG_WARN_BLOCK_CAPTURE_AUTORELEASING = YES;
				CLANG_WARN_BOOL_CONVERSION = YES;
				CLANG_WARN_COMMA = YES;
				CLANG_WARN_CONSTANT_CONVERSION = YES;
				CLANG_WARN_DEPRECATED_OBJC_IMPLEMENTATIONS = YES;
				CLANG_WARN_DIRECT_OBJC_ISA_USAGE = YES_ERROR;
				CLANG_WARN_DOCUMENTATION_COMMENTS = YES;
				CLANG_WARN_EMPTY_BODY = YES;
				CLANG_WARN_ENUM_CONVERSION = YES;
				CLANG_WARN_INFINITE_RECURSION = YES;
				CLANG_WARN_INT_CONVERSION = YES;
				CLANG_WARN_NON_LITERAL_NULL_CONVERSION = YES;
				CLANG_WARN_OBJC_IMPLICIT_RETAIN_SELF = YES;
				CLANG_WARN_OBJC_LITERAL_CONVERSION = YES;
				CLANG_WARN_OBJC_ROOT_CLASS = YES_ERROR;
				CLANG_WARN_QUOTED_INCLUDE_IN_FRAMEWORK_HEADER = YES;
				CLANG_WARN_RANGE_LOOP_ANALYSIS = YES;
				CLANG_WARN_STRICT_PROTOTYPES = YES;
				CLANG_WARN_SUSPICIOUS_MOVE = YES;
				CLANG_WARN_UNGUARDED_AVAILABILITY = YES_AGGRESSIVE;
				CLANG_WARN_UNREACHABLE_CODE = YES;
				CLANG_WARN__DUPLICATE_METHOD_MATCH = YES;
				COPY_PHASE_STRIP = NO;
				DEBUG_INFORMATION_FORMAT = dwarf;
				DEVELOPMENT_TEAM = 3EWWR62JNK;
				ENABLE_STRICT_OBJC_MSGSEND = YES;
				ENABLE_TESTABILITY = YES;
				ENABLE_USER_SCRIPT_SANDBOXING = YES;
				GCC_C_LANGUAGE_STANDARD = gnu17;
				GCC_DYNAMIC_NO_PIC = NO;
				GCC_NO_COMMON_BLOCKS = YES;
				GCC_OPTIMIZATION_LEVEL = 0;
				GCC_PREPROCESSOR_DEFINITIONS = (
					"DEBUG=1",
					"$(inherited)",
				);
				GCC_WARN_64_TO_32_BIT_CONVERSION = YES;
				GCC_WARN_ABOUT_RETURN_TYPE = YES_ERROR;
				GCC_WARN_UNDECLARED_SELECTOR = YES;
				GCC_WARN_UNINITIALIZED_AUTOS = YES_AGGRESSIVE;
				GCC_WARN_UNUSED_FUNCTION = YES;
				GCC_WARN_UNUSED_VARIABLE = YES;
				IPHONEOS_DEPLOYMENT_TARGET = 17.5;
				LOCALIZATION_PREFERS_STRING_CATALOGS = YES;
				MTL_ENABLE_DEBUG_INFO = INCLUDE_SOURCE;
				MTL_FAST_MATH = YES;
				ONLY_ACTIVE_ARCH = YES;
				SDKROOT = iphoneos;
				STRING_CATALOG_GENERATE_SYMBOLS = YES;
				SWIFT_ACTIVE_COMPILATION_CONDITIONS = "DEBUG $(inherited)";
				SWIFT_OPTIMIZATION_LEVEL = "-Onone";
			};
			name = Debug;
		};
		B6A536302C1815C10033C0D4 /* Release */ = {
			isa = XCBuildConfiguration;
			buildSettings = {
				ALWAYS_SEARCH_USER_PATHS = NO;
				ASSETCATALOG_COMPILER_GENERATE_SWIFT_ASSET_SYMBOL_EXTENSIONS = YES;
				CLANG_ANALYZER_NONNULL = YES;
				CLANG_ANALYZER_NUMBER_OBJECT_CONVERSION = YES_AGGRESSIVE;
				CLANG_CXX_LANGUAGE_STANDARD = "gnu++20";
				CLANG_ENABLE_MODULES = YES;
				CLANG_ENABLE_OBJC_ARC = YES;
				CLANG_ENABLE_OBJC_WEAK = YES;
				CLANG_WARN_BLOCK_CAPTURE_AUTORELEASING = YES;
				CLANG_WARN_BOOL_CONVERSION = YES;
				CLANG_WARN_COMMA = YES;
				CLANG_WARN_CONSTANT_CONVERSION = YES;
				CLANG_WARN_DEPRECATED_OBJC_IMPLEMENTATIONS = YES;
				CLANG_WARN_DIRECT_OBJC_ISA_USAGE = YES_ERROR;
				CLANG_WARN_DOCUMENTATION_COMMENTS = YES;
				CLANG_WARN_EMPTY_BODY = YES;
				CLANG_WARN_ENUM_CONVERSION = YES;
				CLANG_WARN_INFINITE_RECURSION = YES;
				CLANG_WARN_INT_CONVERSION = YES;
				CLANG_WARN_NON_LITERAL_NULL_CONVERSION = YES;
				CLANG_WARN_OBJC_IMPLICIT_RETAIN_SELF = YES;
				CLANG_WARN_OBJC_LITERAL_CONVERSION = YES;
				CLANG_WARN_OBJC_ROOT_CLASS = YES_ERROR;
				CLANG_WARN_QUOTED_INCLUDE_IN_FRAMEWORK_HEADER = YES;
				CLANG_WARN_RANGE_LOOP_ANALYSIS = YES;
				CLANG_WARN_STRICT_PROTOTYPES = YES;
				CLANG_WARN_SUSPICIOUS_MOVE = YES;
				CLANG_WARN_UNGUARDED_AVAILABILITY = YES_AGGRESSIVE;
				CLANG_WARN_UNREACHABLE_CODE = YES;
				CLANG_WARN__DUPLICATE_METHOD_MATCH = YES;
				COPY_PHASE_STRIP = NO;
				DEBUG_INFORMATION_FORMAT = "dwarf-with-dsym";
				DEVELOPMENT_TEAM = 3EWWR62JNK;
				ENABLE_NS_ASSERTIONS = NO;
				ENABLE_STRICT_OBJC_MSGSEND = YES;
				ENABLE_USER_SCRIPT_SANDBOXING = YES;
				GCC_C_LANGUAGE_STANDARD = gnu17;
				GCC_NO_COMMON_BLOCKS = YES;
				GCC_WARN_64_TO_32_BIT_CONVERSION = YES;
				GCC_WARN_ABOUT_RETURN_TYPE = YES_ERROR;
				GCC_WARN_UNDECLARED_SELECTOR = YES;
				GCC_WARN_UNINITIALIZED_AUTOS = YES_AGGRESSIVE;
				GCC_WARN_UNUSED_FUNCTION = YES;
				GCC_WARN_UNUSED_VARIABLE = YES;
				IPHONEOS_DEPLOYMENT_TARGET = 17.5;
				LOCALIZATION_PREFERS_STRING_CATALOGS = YES;
				MTL_ENABLE_DEBUG_INFO = NO;
				MTL_FAST_MATH = YES;
				SDKROOT = iphoneos;
				STRING_CATALOG_GENERATE_SYMBOLS = YES;
				SWIFT_COMPILATION_MODE = wholemodule;
				VALIDATE_PRODUCT = YES;
			};
			name = Release;
		};
		B6A536322C1815C10033C0D4 /* Debug */ = {
			isa = XCBuildConfiguration;
			buildSettings = {
				ASSETCATALOG_COMPILER_APPICON_NAME = AppIcon;
				ASSETCATALOG_COMPILER_GLOBAL_ACCENT_COLOR_NAME = AccentColor;
				ASSETCATALOG_COMPILER_INCLUDE_ALL_APPICON_ASSETS = YES;
				CODE_SIGN_ENTITLEMENTS = iLifeDesign/iLifeDesign.entitlements;
				CODE_SIGN_STYLE = Automatic;
				CURRENT_PROJECT_VERSION = 1;
				DEVELOPMENT_ASSET_PATHS = "\"iLifeDesign/Preview Content\"";
				DEVELOPMENT_TEAM = 3EWWR62JNK;
				ENABLE_PREVIEWS = YES;
				GENERATE_INFOPLIST_FILE = YES;
				INFOPLIST_FILE = iLifeDesign/Info.plist;
				INFOPLIST_KEY_CFBundleDisplayName = iLifeDesign;
				INFOPLIST_KEY_LSApplicationCategoryType = "public.app-category.lifestyle";
				INFOPLIST_KEY_UIApplicationSceneManifest_Generation = YES;
				INFOPLIST_KEY_UIApplicationSupportsIndirectInputEvents = YES;
				INFOPLIST_KEY_UILaunchScreen_Generation = YES;
				INFOPLIST_KEY_UISupportedInterfaceOrientations_iPad = "UIInterfaceOrientationPortrait UIInterfaceOrientationPortraitUpsideDown UIInterfaceOrientationLandscapeLeft UIInterfaceOrientationLandscapeRight";
				INFOPLIST_KEY_UISupportedInterfaceOrientations_iPhone = "UIInterfaceOrientationPortrait UIInterfaceOrientationLandscapeLeft UIInterfaceOrientationLandscapeRight";
				IPHONEOS_DEPLOYMENT_TARGET = 17.6;
				LD_RUNPATH_SEARCH_PATHS = (
					"$(inherited)",
					"@executable_path/Frameworks",
				);
				MARKETING_VERSION = 1.0;
				PRODUCT_BUNDLE_IDENTIFIER = ch.projektpraxis.iLifeDesign;
				PRODUCT_NAME = "$(TARGET_NAME)";
				SUPPORTED_PLATFORMS = "iphoneos iphonesimulator";
				SUPPORTS_MACCATALYST = NO;
				SUPPORTS_MAC_DESIGNED_FOR_IPHONE_IPAD = NO;
				SUPPORTS_XR_DESIGNED_FOR_IPHONE_IPAD = NO;
				SWIFT_EMIT_LOC_STRINGS = YES;
				SWIFT_VERSION = 6.0;
				TARGETED_DEVICE_FAMILY = "1,2";
			};
			name = Debug;
		};
		B6A536332C1815C10033C0D4 /* Release */ = {
			isa = XCBuildConfiguration;
			buildSettings = {
				ASSETCATALOG_COMPILER_APPICON_NAME = AppIcon;
				ASSETCATALOG_COMPILER_GLOBAL_ACCENT_COLOR_NAME = AccentColor;
				ASSETCATALOG_COMPILER_INCLUDE_ALL_APPICON_ASSETS = YES;
				CODE_SIGN_ENTITLEMENTS = iLifeDesign/iLifeDesign.entitlements;
				CODE_SIGN_STYLE = Automatic;
				CURRENT_PROJECT_VERSION = 1.1;
				DEVELOPMENT_ASSET_PATHS = "\"iLifeDesign/Preview Content\"";
				DEVELOPMENT_TEAM = 3EWWR62JNK;
				ENABLE_PREVIEWS = YES;
				GENERATE_INFOPLIST_FILE = YES;
				INFOPLIST_FILE = iLifeDesign/Info.plist;
				INFOPLIST_KEY_CFBundleDisplayName = iLifeDesign;
				INFOPLIST_KEY_LSApplicationCategoryType = "public.app-category.lifestyle";
				INFOPLIST_KEY_UIApplicationSceneManifest_Generation = YES;
				INFOPLIST_KEY_UIApplicationSupportsIndirectInputEvents = YES;
				INFOPLIST_KEY_UILaunchScreen_Generation = YES;
				INFOPLIST_KEY_UISupportedInterfaceOrientations_iPad = "UIInterfaceOrientationPortrait UIInterfaceOrientationPortraitUpsideDown UIInterfaceOrientationLandscapeLeft UIInterfaceOrientationLandscapeRight";
				INFOPLIST_KEY_UISupportedInterfaceOrientations_iPhone = "UIInterfaceOrientationPortrait UIInterfaceOrientationLandscapeLeft UIInterfaceOrientationLandscapeRight";
				IPHONEOS_DEPLOYMENT_TARGET = 17.6;
				LD_RUNPATH_SEARCH_PATHS = (
					"$(inherited)",
					"@executable_path/Frameworks",
				);
				MARKETING_VERSION = 1.0;
				PRODUCT_BUNDLE_IDENTIFIER = ch.projektpraxis.iLifeDesign;
				PRODUCT_NAME = "$(TARGET_NAME)";
				SUPPORTED_PLATFORMS = "iphoneos iphonesimulator";
				SUPPORTS_MACCATALYST = NO;
				SUPPORTS_MAC_DESIGNED_FOR_IPHONE_IPAD = NO;
				SUPPORTS_XR_DESIGNED_FOR_IPHONE_IPAD = NO;
				SWIFT_EMIT_LOC_STRINGS = YES;
				SWIFT_VERSION = 6.0;
				TARGETED_DEVICE_FAMILY = "1,2";
			};
			name = Release;
		};
/* End XCBuildConfiguration section */

/* Begin XCConfigurationList section */
		B6A5361E2C1815C00033C0D4 /* Build configuration list for PBXProject "iLifeDesign" */ = {
			isa = XCConfigurationList;
			buildConfigurations = (
				B6A5362F2C1815C10033C0D4 /* Debug */,
				B6A536302C1815C10033C0D4 /* Release */,
			);
			defaultConfigurationIsVisible = 0;
			defaultConfigurationName = Release;
		};
		B6A536312C1815C10033C0D4 /* Build configuration list for PBXNativeTarget "iLifeDesign" */ = {
			isa = XCConfigurationList;
			buildConfigurations = (
				B6A536322C1815C10033C0D4 /* Debug */,
				B6A536332C1815C10033C0D4 /* Release */,
			);
			defaultConfigurationIsVisible = 0;
			defaultConfigurationName = Release;
		};
/* End XCConfigurationList section */
	};
	rootObject = B6A5361B2C1815C00033C0D4 /* Project object */;
}
